
Microsoft Visual Studio Solution File, Format Version 12.00
# Visual Studio Version 17
VisualStudioVersion = 17.9.34728.123
MinimumVisualStudioVersion = 10.0.40219.1
Project("{2150E333-8FDC-42A3-9474-1A3956D46DE8}") = "Services", "Services", "{D04E8BBB-1D1D-441E-8122-804B6EE0DA7F}"
EndProject
Project("{2150E333-8FDC-42A3-9474-1A3956D46DE8}") = "Catalog", "Catalog", "{767914E4-8C8F-466E-BB2E-E55FE7489468}"
EndProject
Project("{9A19103F-16F7-4668-BE54-9A1E7A4F7556}") = "Catalog.API", "Services\Catalog\Catalog.API\Catalog.API.csproj", "{BA317DF7-47AC-412A-B3B7-0E229708C329}"
EndProject
Project("{2150E333-8FDC-42A3-9474-1A3956D46DE8}") = "BuildingBlocks", "BuildingBlocks", "{D6652778-F7FA-4FA4-BBF9-B4BEBE9882ED}"
EndProject
Project("{9A19103F-16F7-4668-BE54-9A1E7A4F7556}") = "BuildingBlocks", "BuildingBlocks\BuildingBlocks\BuildingBlocks.csproj", "{94C38D76-A2CA-4F68-B875-EF7C6BE0BC8B}"
EndProject
Project("{E53339B2-1760-4266-BCC7-CA923CBCF16C}") = "docker-compose", "docker-compose.dcproj", "{15F8306F-B2E8-41B0-ADC9-39763D8674A5}"
EndProject
Project("{2150E333-8FDC-42A3-9474-1A3956D46DE8}") = "Basket", "Basket", "{F88332C3-AF07-49AE-9E72-E0B1C6D75BAD}"
EndProject
Project("{9A19103F-16F7-4668-BE54-9A1E7A4F7556}") = "Basket.API", "Services\Basket\Basket.API\Basket.API.csproj", "{8737DB6B-E155-47B3-989F-3BE432578A9C}"
EndProject
Project("{2150E333-8FDC-42A3-9474-1A3956D46DE8}") = "Discount", "Discount", "{C93BFFAA-CFAB-4D33-9160-B3DDC5AE43BF}"
EndProject
Project("{9A19103F-16F7-4668-BE54-9A1E7A4F7556}") = "Discount.Grpc", "Services\Discount\Discount.Grpc\Discount.Grpc.csproj", "{405C6E12-7297-40BE-ADC4-B2F094F5CE6F}"
EndProject
Project("{2150E333-8FDC-42A3-9474-1A3956D46DE8}") = "Ordering", "Ordering", "{C529B852-C3B9-4137-8E1F-B7E9E6DA85BB}"
EndProject
Project("{9A19103F-16F7-4668-BE54-9A1E7A4F7556}") = "Ordering.API", "Services\Ordering\Ordering.API\Ordering.API.csproj", "{FBC0B709-69F0-4F00-8279-1107D7028D44}"
EndProject
Project("{9A19103F-16F7-4668-BE54-9A1E7A4F7556}") = "Ordering.Domain", "Services\Ordering\Ordering.Domain\Ordering.Domain.csproj", "{0AA8207B-5386-4829-B72D-D3FA20C89A41}"
EndProject
Project("{9A19103F-16F7-4668-BE54-9A1E7A4F7556}") = "Ordering.Infrastructure", "Services\Ordering\Ordering.Infrastructure\Ordering.Infrastructure.csproj", "{5849B367-EBCC-45FC-814E-EAC6BCE2AC37}"
EndProject
Project("{9A19103F-16F7-4668-BE54-9A1E7A4F7556}") = "Ordering.Application", "Services\Ordering\Ordering.Application\Ordering.Application.csproj", "{3D3C55F2-5B80-42A1-9253-348123D102B8}"
EndProject
Project("{9A19103F-16F7-4668-BE54-9A1E7A4F7556}") = "BuildingBlocks.Messaging", "BuildingBlocks\BuildingBlocks.Messaging\BuildingBlocks.Messaging.csproj", "{5E6EE181-2CCA-4D35-98F6-BFBD2625C06A}"
EndProject
Project("{2150E333-8FDC-42A3-9474-1A3956D46DE8}") = "ApiGateways", "ApiGateways", "{BAB82CB2-933D-448A-8C77-71D8D2E39B42}"
EndProject
Project("{9A19103F-16F7-4668-BE54-9A1E7A4F7556}") = "YarpApiGateway", "ApiGateways\YarpApiGateway\YarpApiGateway.csproj", "{ECB6A4DC-FA2D-4386-9941-713623DD2C7C}"
EndProject
Project("{2150E333-8FDC-42A3-9474-1A3956D46DE8}") = "WebApps", "WebApps", "{7C09B04C-8398-45A7-B12E-5A1248FADD84}"
EndProject
Project("{FAE04EC0-301F-11D3-BF4B-00C04F79EFBC}") = "Shopping.Web", "WebApps\Shopping.Web\Shopping.Web.csproj", "{1B5CE074-AC9C-4B53-806D-E087D5034D60}"
EndProject
Global
	GlobalSection(SolutionConfigurationPlatforms) = preSolution
		Debug|Any CPU = Debug|Any CPU
		Release|Any CPU = Release|Any CPU
	EndGlobalSection
	GlobalSection(ProjectConfigurationPlatforms) = postSolution
		{BA317DF7-47AC-412A-B3B7-0E229708C329}.Debug|Any CPU.ActiveCfg = Debug|Any CPU
		{BA317DF7-47AC-412A-B3B7-0E229708C329}.Debug|Any CPU.Build.0 = Debug|Any CPU
		{BA317DF7-47AC-412A-B3B7-0E229708C329}.Release|Any CPU.ActiveCfg = Release|Any CPU
		{BA317DF7-47AC-412A-B3B7-0E229708C329}.Release|Any CPU.Build.0 = Release|Any CPU
		{94C38D76-A2CA-4F68-B875-EF7C6BE0BC8B}.Debug|Any CPU.ActiveCfg = Debug|Any CPU
		{94C38D76-A2CA-4F68-B875-EF7C6BE0BC8B}.Debug|Any CPU.Build.0 = Debug|Any CPU
		{94C38D76-A2CA-4F68-B875-EF7C6BE0BC8B}.Release|Any CPU.ActiveCfg = Release|Any CPU
		{94C38D76-A2CA-4F68-B875-EF7C6BE0BC8B}.Release|Any CPU.Build.0 = Release|Any CPU
		{15F8306F-B2E8-41B0-ADC9-39763D8674A5}.Debug|Any CPU.ActiveCfg = Debug|Any CPU
		{15F8306F-B2E8-41B0-ADC9-39763D8674A5}.Debug|Any CPU.Build.0 = Debug|Any CPU
		{15F8306F-B2E8-41B0-ADC9-39763D8674A5}.Release|Any CPU.ActiveCfg = Release|Any CPU
		{15F8306F-B2E8-41B0-ADC9-39763D8674A5}.Release|Any CPU.Build.0 = Release|Any CPU
		{8737DB6B-E155-47B3-989F-3BE432578A9C}.Debug|Any CPU.ActiveCfg = Debug|Any CPU
		{8737DB6B-E155-47B3-989F-3BE432578A9C}.Debug|Any CPU.Build.0 = Debug|Any CPU
		{8737DB6B-E155-47B3-989F-3BE432578A9C}.Release|Any CPU.ActiveCfg = Release|Any CPU
		{8737DB6B-E155-47B3-989F-3BE432578A9C}.Release|Any CPU.Build.0 = Release|Any CPU
		{405C6E12-7297-40BE-ADC4-B2F094F5CE6F}.Debug|Any CPU.ActiveCfg = Debug|Any CPU
		{405C6E12-7297-40BE-ADC4-B2F094F5CE6F}.Debug|Any CPU.Build.0 = Debug|Any CPU
		{405C6E12-7297-40BE-ADC4-B2F094F5CE6F}.Release|Any CPU.ActiveCfg = Release|Any CPU
		{405C6E12-7297-40BE-ADC4-B2F094F5CE6F}.Release|Any CPU.Build.0 = Release|Any CPU
		{FBC0B709-69F0-4F00-8279-1107D7028D44}.Debug|Any CPU.ActiveCfg = Debug|Any CPU
		{FBC0B709-69F0-4F00-8279-1107D7028D44}.Debug|Any CPU.Build.0 = Debug|Any CPU
		{FBC0B709-69F0-4F00-8279-1107D7028D44}.Release|Any CPU.ActiveCfg = Release|Any CPU
		{FBC0B709-69F0-4F00-8279-1107D7028D44}.Release|Any CPU.Build.0 = Release|Any CPU
		{0AA8207B-5386-4829-B72D-D3FA20C89A41}.Debug|Any CPU.ActiveCfg = Debug|Any CPU
		{0AA8207B-5386-4829-B72D-D3FA20C89A41}.Debug|Any CPU.Build.0 = Debug|Any CPU
		{0AA8207B-5386-4829-B72D-D3FA20C89A41}.Release|Any CPU.ActiveCfg = Release|Any CPU
		{0AA8207B-5386-4829-B72D-D3FA20C89A41}.Release|Any CPU.Build.0 = Release|Any CPU
		{5849B367-EBCC-45FC-814E-EAC6BCE2AC37}.Debug|Any CPU.ActiveCfg = Debug|Any CPU
		{5849B367-EBCC-45FC-814E-EAC6BCE2AC37}.Debug|Any CPU.Build.0 = Debug|Any CPU
		{5849B367-EBCC-45FC-814E-EAC6BCE2AC37}.Release|Any CPU.ActiveCfg = Release|Any CPU
		{5849B367-EBCC-45FC-814E-EAC6BCE2AC37}.Release|Any CPU.Build.0 = Release|Any CPU
		{3D3C55F2-5B80-42A1-9253-348123D102B8}.Debug|Any CPU.ActiveCfg = Debug|Any CPU
		{3D3C55F2-5B80-42A1-9253-348123D102B8}.Debug|Any CPU.Build.0 = Debug|Any CPU
		{3D3C55F2-5B80-42A1-9253-348123D102B8}.Release|Any CPU.ActiveCfg = Release|Any CPU
		{3D3C55F2-5B80-42A1-9253-348123D102B8}.Release|Any CPU.Build.0 = Release|Any CPU
		{5E6EE181-2CCA-4D35-98F6-BFBD2625C06A}.Debug|Any CPU.ActiveCfg = Debug|Any CPU
		{5E6EE181-2CCA-4D35-98F6-BFBD2625C06A}.Debug|Any CPU.Build.0 = Debug|Any CPU
		{5E6EE181-2CCA-4D35-98F6-BFBD2625C06A}.Release|Any CPU.ActiveCfg = Release|Any CPU
		{5E6EE181-2CCA-4D35-98F6-BFBD2625C06A}.Release|Any CPU.Build.0 = Release|Any CPU
		{ECB6A4DC-FA2D-4386-9941-713623DD2C7C}.Debug|Any CPU.ActiveCfg = Debug|Any CPU
		{ECB6A4DC-FA2D-4386-9941-713623DD2C7C}.Debug|Any CPU.Build.0 = Debug|Any CPU
		{ECB6A4DC-FA2D-4386-9941-713623DD2C7C}.Release|Any CPU.ActiveCfg = Release|Any CPU
		{ECB6A4DC-FA2D-4386-9941-713623DD2C7C}.Release|Any CPU.Build.0 = Release|Any CPU
		{1B5CE074-AC9C-4B53-806D-E087D5034D60}.Debug|Any CPU.ActiveCfg = Debug|Any CPU
		{1B5CE074-AC9C-4B53-806D-E087D5034D60}.Debug|Any CPU.Build.0 = Debug|Any CPU
		{1B5CE074-AC9C-4B53-806D-E087D5034D60}.Release|Any CPU.ActiveCfg = Release|Any CPU
		{1B5CE074-AC9C-4B53-806D-E087D5034D60}.Release|Any CPU.Build.0 = Release|Any CPU
	EndGlobalSection
	GlobalSection(SolutionProperties) = preSolution
		HideSolutionNode = FALSE
	EndGlobalSection
	GlobalSection(NestedProjects) = preSolution
		{767914E4-8C8F-466E-BB2E-E55FE7489468} = {D04E8BBB-1D1D-441E-8122-804B6EE0DA7F}
		{BA317DF7-47AC-412A-B3B7-0E229708C329} = {767914E4-8C8F-466E-BB2E-E55FE7489468}
		{94C38D76-A2CA-4F68-B875-EF7C6BE0BC8B} = {D6652778-F7FA-4FA4-BBF9-B4BEBE9882ED}
		{F88332C3-AF07-49AE-9E72-E0B1C6D75BAD} = {D04E8BBB-1D1D-441E-8122-804B6EE0DA7F}
		{8737DB6B-E155-47B3-989F-3BE432578A9C} = {F88332C3-AF07-49AE-9E72-E0B1C6D75BAD}
		{C93BFFAA-CFAB-4D33-9160-B3DDC5AE43BF} = {D04E8BBB-1D1D-441E-8122-804B6EE0DA7F}
		{405C6E12-7297-40BE-ADC4-B2F094F5CE6F} = {C93BFFAA-CFAB-4D33-9160-B3DDC5AE43BF}
		{C529B852-C3B9-4137-8E1F-B7E9E6DA85BB} = {D04E8BBB-1D1D-441E-8122-804B6EE0DA7F}
		{FBC0B709-69F0-4F00-8279-1107D7028D44} = {C529B852-C3B9-4137-8E1F-B7E9E6DA85BB}
		{0AA8207B-5386-4829-B72D-D3FA20C89A41} = {C529B852-C3B9-4137-8E1F-B7E9E6DA85BB}
		{5849B367-EBCC-45FC-814E-EAC6BCE2AC37} = {C529B852-C3B9-4137-8E1F-B7E9E6DA85BB}
		{3D3C55F2-5B80-42A1-9253-348123D102B8} = {C529B852-C3B9-4137-8E1F-B7E9E6DA85BB}
		{5E6EE181-2CCA-4D35-98F6-BFBD2625C06A} = {D6652778-F7FA-4FA4-BBF9-B4BEBE9882ED}
		{ECB6A4DC-FA2D-4386-9941-713623DD2C7C} = {BAB82CB2-933D-448A-8C77-71D8D2E39B42}
		{1B5CE074-AC9C-4B53-806D-E087D5034D60} = {7C09B04C-8398-45A7-B12E-5A1248FADD84}
	EndGlobalSection
	GlobalSection(ExtensibilityGlobals) = postSolution
		SolutionGuid = {7CAC3C06-CC81-4917-976F-5BE2E8327FBB}
	EndGlobalSection
EndGlobal
